
Microsoft Visual Studio Solution File, Format Version 12.00
# Visual Studio Version 17
VisualStudioVersion = 17.0.31903.59
MinimumVisualStudioVersion = 10.0.40219.1
Project("{FAE04EC0-301F-11D3-BF4B-00C04F79EFBC}") = "task2Sygeon.Cli", "task2Sygeon.Cli\task2Sygeon.Cli.csproj", "{4C3E3909-C944-4EA7-9BB5-049F358769E1}"
EndProject
Project("{FAE04EC0-301F-11D3-BF4B-00C04F79EFBC}") = "task2Sygeon.Core", "task2Sygeon.Core\task2Sygeon.Core.csproj", "{F3475EED-B8F5-4255-A2AB-B62D2100EB52}"
EndProject
Global
	GlobalSection(SolutionConfigurationPlatforms) = preSolution
		Debug|Any CPU = Debug|Any CPU
		Debug|x64 = Debug|x64
		Debug|x86 = Debug|x86
		Release|Any CPU = Release|Any CPU
		Release|x64 = Release|x64
		Release|x86 = Release|x86
	EndGlobalSection
	GlobalSection(ProjectConfigurationPlatforms) = postSolution
		{4C3E3909-C944-4EA7-9BB5-049F358769E1}.Debug|Any CPU.ActiveCfg = Debug|Any CPU
		{4C3E3909-C944-4EA7-9BB5-049F358769E1}.Debug|Any CPU.Build.0 = Debug|Any CPU
		{4C3E3909-C944-4EA7-9BB5-049F358769E1}.Debug|x64.ActiveCfg = Debug|Any CPU
		{4C3E3909-C944-4EA7-9BB5-049F358769E1}.Debug|x64.Build.0 = Debug|Any CPU
		{4C3E3909-C944-4EA7-9BB5-049F358769E1}.Debug|x86.ActiveCfg = Debug|Any CPU
		{4C3E3909-C944-4EA7-9BB5-049F358769E1}.Debug|x86.Build.0 = Debug|Any CPU
		{4C3E3909-C944-4EA7-9BB5-049F358769E1}.Release|Any CPU.ActiveCfg = Release|Any CPU
		{4C3E3909-C944-4EA7-9BB5-049F358769E1}.Release|Any CPU.Build.0 = Release|Any CPU
		{4C3E3909-C944-4EA7-9BB5-049F358769E1}.Release|x64.ActiveCfg = Release|Any CPU
		{4C3E3909-C944-4EA7-9BB5-049F358769E1}.Release|x64.Build.0 = Release|Any CPU
		{4C3E3909-C944-4EA7-9BB5-049F358769E1}.Release|x86.ActiveCfg = Release|Any CPU
		{4C3E3909-C944-4EA7-9BB5-049F358769E1}.Release|x86.Build.0 = Release|Any CPU
		{F3475EED-B8F5-4255-A2AB-B62D2100EB52}.Debug|Any CPU.ActiveCfg = Debug|Any CPU
		{F3475EED-B8F5-4255-A2AB-B62D2100EB52}.Debug|Any CPU.Build.0 = Debug|Any CPU
		{F3475EED-B8F5-4255-A2AB-B62D2100EB52}.Debug|x64.ActiveCfg = Debug|Any CPU
		{F3475EED-B8F5-4255-A2AB-B62D2100EB52}.Debug|x64.Build.0 = Debug|Any CPU
		{F3475EED-B8F5-4255-A2AB-B62D2100EB52}.Debug|x86.ActiveCfg = Debug|Any CPU
		{F3475EED-B8F5-4255-A2AB-B62D2100EB52}.Debug|x86.Build.0 = Debug|Any CPU
		{F3475EED-B8F5-4255-A2AB-B62D2100EB52}.Release|Any CPU.ActiveCfg = Release|Any CPU
		{F3475EED-B8F5-4255-A2AB-B62D2100EB52}.Release|Any CPU.Build.0 = Release|Any CPU
		{F3475EED-B8F5-4255-A2AB-B62D2100EB52}.Release|x64.ActiveCfg = Release|Any CPU
		{F3475EED-B8F5-4255-A2AB-B62D2100EB52}.Release|x64.Build.0 = Release|Any CPU
		{F3475EED-B8F5-4255-A2AB-B62D2100EB52}.Release|x86.ActiveCfg = Release|Any CPU
		{F3475EED-B8F5-4255-A2AB-B62D2100EB52}.Release|x86.Build.0 = Release|Any CPU
		{96DA202A-91B3-4B8C-8AE4-9DE0B98A9AE0}.Debug|Any CPU.ActiveCfg = Debug|Any CPU
		{96DA202A-91B3-4B8C-8AE4-9DE0B98A9AE0}.Debug|Any CPU.Build.0 = Debug|Any CPU
		{96DA202A-91B3-4B8C-8AE4-9DE0B98A9AE0}.Debug|x64.ActiveCfg = Debug|Any CPU
		{96DA202A-91B3-4B8C-8AE4-9DE0B98A9AE0}.Debug|x64.Build.0 = Debug|Any CPU
		{96DA202A-91B3-4B8C-8AE4-9DE0B98A9AE0}.Debug|x86.ActiveCfg = Debug|Any CPU
		{96DA202A-91B3-4B8C-8AE4-9DE0B98A9AE0}.Debug|x86.Build.0 = Debug|Any CPU
		{96DA202A-91B3-4B8C-8AE4-9DE0B98A9AE0}.Release|Any CPU.ActiveCfg = Release|Any CPU
		{96DA202A-91B3-4B8C-8AE4-9DE0B98A9AE0}.Release|Any CPU.Build.0 = Release|Any CPU
		{96DA202A-91B3-4B8C-8AE4-9DE0B98A9AE0}.Release|x64.ActiveCfg = Release|Any CPU
		{96DA202A-91B3-4B8C-8AE4-9DE0B98A9AE0}.Release|x64.Build.0 = Release|Any CPU
		{96DA202A-91B3-4B8C-8AE4-9DE0B98A9AE0}.Release|x86.ActiveCfg = Release|Any CPU
		{96DA202A-91B3-4B8C-8AE4-9DE0B98A9AE0}.Release|x86.Build.0 = Release|Any CPU
	EndGlobalSection
	GlobalSection(SolutionProperties) = preSolution
		HideSolutionNode = FALSE
	EndGlobalSection
EndGlobal
